
Microsoft Visual Studio Solution File, Format Version 12.00
# Visual Studio Version 17
VisualStudioVersion = 17.3.32804.467
MinimumVisualStudioVersion = 10.0.40219.1
Project("{FAE04EC0-301F-11D3-BF4B-00C04F79EFBC}") = "ConsoleApp7", "ConsoleApp7.csproj", "{0B923C00-A8D4-42F8-861A-BC138D26C7F5}"
EndProject
Global
	GlobalSection(SolutionConfigurationPlatforms) = preSolution
		Debug|Any CPU = Debug|Any CPU
		Release|Any CPU = Release|Any CPU
	EndGlobalSection
	GlobalSection(ProjectConfigurationPlatforms) = postSolution
		{0B923C00-A8D4-42F8-861A-BC138D26C7F5}.Debug|Any CPU.ActiveCfg = Debug|Any CPU
		{0B923C00-A8D4-42F8-861A-BC138D26C7F5}.Debug|Any CPU.Build.0 = Debug|Any CPU
		{0B923C00-A8D4-42F8-861A-BC138D26C7F5}.Release|Any CPU.ActiveCfg = Release|Any CPU
		{0B923C00-A8D4-42F8-861A-BC138D26C7F5}.Release|Any CPU.Build.0 = Release|Any CPU
	EndGlobalSection
	GlobalSection(SolutionProperties) = preSolution
		HideSolutionNode = FALSE
	EndGlobalSection
	GlobalSection(ExtensibilityGlobals) = postSolution
		SolutionGuid = {B1F92223-8EA2-4CF8-8D40-69AEE2F87A5D}
	EndGlobalSection
EndGlobal
